
Microsoft Visual Studio Solution File, Format Version 11.00
# Visual Studio 10
Project("{FAE04EC0-301F-11D3-BF4B-00C04F79EFBC}") = "DotNetOpenAuth.ApplicationBlock", "DotNetOpenAuth.ApplicationBlock.csproj", "{AA78D112-D889-414B-A7D4-467B34C7B663}"
EndProject
Global
	GlobalSection(SolutionConfigurationPlatforms) = preSolution
		CodeAnalysis|Any CPU = CodeAnalysis|Any CPU
		Debug|Any CPU = Debug|Any CPU
		Release|Any CPU = Release|Any CPU
	EndGlobalSection
	GlobalSection(ProjectConfigurationPlatforms) = postSolution
		{AA78D112-D889-414B-A7D4-467B34C7B663}.CodeAnalysis|Any CPU.ActiveCfg = CodeAnalysis|Any CPU
		{AA78D112-D889-414B-A7D4-467B34C7B663}.CodeAnalysis|Any CPU.Build.0 = CodeAnalysis|Any CPU
		{AA78D112-D889-414B-A7D4-467B34C7B663}.Debug|Any CPU.ActiveCfg = Debug|Any CPU
		{AA78D112-D889-414B-A7D4-467B34C7B663}.Debug|Any CPU.Build.0 = Debug|Any CPU
		{AA78D112-D889-414B-A7D4-467B34C7B663}.Release|Any CPU.ActiveCfg = Release|Any CPU
		{AA78D112-D889-414B-A7D4-467B34C7B663}.Release|Any CPU.Build.0 = Release|Any CPU
	EndGlobalSection
	GlobalSection(SolutionProperties) = preSolution
		HideSolutionNode = FALSE
	EndGlobalSection
EndGlobal
